// !$*UTF8*$!
{
	archiveVersion = 1;
	classes = {
	};
	objectVersion = 46;
	objects = {

/* Begin PBXBuildFile section */
		22BB1FDD80C60BC8CE835405 /* Pods_Messenger.framework in Frameworks */ = {isa = PBXBuildFile; fileRef = 3D5C2DFCD051E320F68344B2 /* Pods_Messenger.framework */; };
		847C0A951E9E280F00424777 /* NewMessageController.swift in Sources */ = {isa = PBXBuildFile; fileRef = 847C0A941E9E280F00424777 /* NewMessageController.swift */; };
		847C0A981E9E2B8D00424777 /* User.swift in Sources */ = {isa = PBXBuildFile; fileRef = 847C0A971E9E2B8D00424777 /* User.swift */; };
		847C0A9A1E9E357100424777 /* LoginController+handlers.swift in Sources */ = {isa = PBXBuildFile; fileRef = 847C0A991E9E357100424777 /* LoginController+handlers.swift */; };
		847C0A9D1E9FA53100424777 /* Extensions.swift in Sources */ = {isa = PBXBuildFile; fileRef = 847C0A9C1E9FA53100424777 /* Extensions.swift */; };
		84EFEBD01E9C08200022C3BB /* AppDelegate.swift in Sources */ = {isa = PBXBuildFile; fileRef = 84EFEBCF1E9C08200022C3BB /* AppDelegate.swift */; };
		84EFEBD21E9C08200022C3BB /* MessagesController.swift in Sources */ = {isa = PBXBuildFile; fileRef = 84EFEBD11E9C08200022C3BB /* MessagesController.swift */; };
		84EFEBD51E9C08200022C3BB /* Main.storyboard in Resources */ = {isa = PBXBuildFile; fileRef = 84EFEBD31E9C08200022C3BB /* Main.storyboard */; };
		84EFEBD71E9C08200022C3BB /* Assets.xcassets in Resources */ = {isa = PBXBuildFile; fileRef = 84EFEBD61E9C08200022C3BB /* Assets.xcassets */; };
		84EFEBDA1E9C08200022C3BB /* LaunchScreen.storyboard in Resources */ = {isa = PBXBuildFile; fileRef = 84EFEBD81E9C08200022C3BB /* LaunchScreen.storyboard */; };
		84EFEBE51E9C0B5B0022C3BB /* LoginController.swift in Sources */ = {isa = PBXBuildFile; fileRef = 84EFEBE41E9C0B5B0022C3BB /* LoginController.swift */; };
		84EFEBE71E9C2CE40022C3BB /* GoogleService-Info.plist in Resources */ = {isa = PBXBuildFile; fileRef = 84EFEBE61E9C2CE40022C3BB /* GoogleService-Info.plist */; };
/* End PBXBuildFile section */

/* Begin PBXFileReference section */
		1F488E51A13B16DB66526368 /* Pods-Messenger.release.xcconfig */ = {isa = PBXFileReference; includeInIndex = 1; lastKnownFileType = text.xcconfig; name = "Pods-Messenger.release.xcconfig"; path = "Pods/Target Support Files/Pods-Messenger/Pods-Messenger.release.xcconfig"; sourceTree = "<group>"; };
		3D5C2DFCD051E320F68344B2 /* Pods_Messenger.framework */ = {isa = PBXFileReference; explicitFileType = wrapper.framework; includeInIndex = 0; path = Pods_Messenger.framework; sourceTree = BUILT_PRODUCTS_DIR; };
		847C0A941E9E280F00424777 /* NewMessageController.swift */ = {isa = PBXFileReference; fileEncoding = 4; lastKnownFileType = sourcecode.swift; path = NewMessageController.swift; sourceTree = "<group>"; };
		847C0A971E9E2B8D00424777 /* User.swift */ = {isa = PBXFileReference; fileEncoding = 4; lastKnownFileType = sourcecode.swift; path = User.swift; sourceTree = "<group>"; };
		847C0A991E9E357100424777 /* LoginController+handlers.swift */ = {isa = PBXFileReference; fileEncoding = 4; lastKnownFileType = sourcecode.swift; path = "LoginController+handlers.swift"; sourceTree = "<group>"; };
		847C0A9C1E9FA53100424777 /* Extensions.swift */ = {isa = PBXFileReference; fileEncoding = 4; lastKnownFileType = sourcecode.swift; path = Extensions.swift; sourceTree = "<group>"; };
		84EFEBCC1E9C08200022C3BB /* Messenger.app */ = {isa = PBXFileReference; explicitFileType = wrapper.application; includeInIndex = 0; path = Messenger.app; sourceTree = BUILT_PRODUCTS_DIR; };
		84EFEBCF1E9C08200022C3BB /* AppDelegate.swift */ = {isa = PBXFileReference; lastKnownFileType = sourcecode.swift; path = AppDelegate.swift; sourceTree = "<group>"; };
		84EFEBD11E9C08200022C3BB /* MessagesController.swift */ = {isa = PBXFileReference; lastKnownFileType = sourcecode.swift; path = MessagesController.swift; sourceTree = "<group>"; };
		84EFEBD41E9C08200022C3BB /* Base */ = {isa = PBXFileReference; lastKnownFileType = file.storyboard; name = Base; path = Base.lproj/Main.storyboard; sourceTree = "<group>"; };
		84EFEBD61E9C08200022C3BB /* Assets.xcassets */ = {isa = PBXFileReference; lastKnownFileType = folder.assetcatalog; path = Assets.xcassets; sourceTree = "<group>"; };
		84EFEBD91E9C08200022C3BB /* Base */ = {isa = PBXFileReference; lastKnownFileType = file.storyboard; name = Base; path = Base.lproj/LaunchScreen.storyboard; sourceTree = "<group>"; };
		84EFEBDB1E9C08200022C3BB /* Info.plist */ = {isa = PBXFileReference; lastKnownFileType = text.plist.xml; path = Info.plist; sourceTree = "<group>"; };
		84EFEBE41E9C0B5B0022C3BB /* LoginController.swift */ = {isa = PBXFileReference; fileEncoding = 4; lastKnownFileType = sourcecode.swift; path = LoginController.swift; sourceTree = "<group>"; };
		84EFEBE61E9C2CE40022C3BB /* GoogleService-Info.plist */ = {isa = PBXFileReference; fileEncoding = 4; lastKnownFileType = text.plist.xml; path = "GoogleService-Info.plist"; sourceTree = "<group>"; };
		E939C84A3D87C91C4737EE12 /* Pods-Messenger.debug.xcconfig */ = {isa = PBXFileReference; includeInIndex = 1; lastKnownFileType = text.xcconfig; name = "Pods-Messenger.debug.xcconfig"; path = "Pods/Target Support Files/Pods-Messenger/Pods-Messenger.debug.xcconfig"; sourceTree = "<group>"; };
/* End PBXFileReference section */

/* Begin PBXFrameworksBuildPhase section */
		84EFEBC91E9C08200022C3BB /* Frameworks */ = {
			isa = PBXFrameworksBuildPhase;
			buildActionMask = 2147483647;
			files = (
				22BB1FDD80C60BC8CE835405 /* Pods_Messenger.framework in Frameworks */,
			);
			runOnlyForDeploymentPostprocessing = 0;
		};
/* End PBXFrameworksBuildPhase section */

/* Begin PBXGroup section */
		6C12D7AEDAB2416C350B2057 /* Pods */ = {
			isa = PBXGroup;
			children = (
				E939C84A3D87C91C4737EE12 /* Pods-Messenger.debug.xcconfig */,
				1F488E51A13B16DB66526368 /* Pods-Messenger.release.xcconfig */,
			);
			name = Pods;
			sourceTree = "<group>";
		};
		847C0A961E9E2B6900424777 /* Model */ = {
			isa = PBXGroup;
			children = (
				847C0A971E9E2B8D00424777 /* User.swift */,
			);
			name = Model;
			sourceTree = "<group>";
		};
		847C0A9B1E9FA52100424777 /* Helpers */ = {
			isa = PBXGroup;
			children = (
				847C0A9C1E9FA53100424777 /* Extensions.swift */,
			);
			name = Helpers;
			sourceTree = "<group>";
		};
		84EFEBC31E9C08200022C3BB = {
			isa = PBXGroup;
			children = (
				84EFEBCE1E9C08200022C3BB /* Messenger */,
				84EFEBCD1E9C08200022C3BB /* Products */,
				6C12D7AEDAB2416C350B2057 /* Pods */,
				9D6C831BFEF06E50BA3F79E8 /* Frameworks */,
			);
			sourceTree = "<group>";
		};
		84EFEBCD1E9C08200022C3BB /* Products */ = {
			isa = PBXGroup;
			children = (
				84EFEBCC1E9C08200022C3BB /* Messenger.app */,
			);
			name = Products;
			sourceTree = "<group>";
		};
		84EFEBCE1E9C08200022C3BB /* Messenger */ = {
			isa = PBXGroup;
			children = (
				847C0A9B1E9FA52100424777 /* Helpers */,
				847C0A961E9E2B6900424777 /* Model */,
				84EFEBE31E9C0B2E0022C3BB /* Controller */,
				84EFEBCF1E9C08200022C3BB /* AppDelegate.swift */,
				84EFEBD31E9C08200022C3BB /* Main.storyboard */,
				84EFEBD61E9C08200022C3BB /* Assets.xcassets */,
				84EFEBD81E9C08200022C3BB /* LaunchScreen.storyboard */,
				84EFEBDB1E9C08200022C3BB /* Info.plist */,
				84EFEBE61E9C2CE40022C3BB /* GoogleService-Info.plist */,
			);
			path = Messenger;
			sourceTree = "<group>";
		};
		84EFEBE31E9C0B2E0022C3BB /* Controller */ = {
			isa = PBXGroup;
			children = (
				84EFEBE41E9C0B5B0022C3BB /* LoginController.swift */,
				847C0A991E9E357100424777 /* LoginController+handlers.swift */,
				84EFEBD11E9C08200022C3BB /* MessagesController.swift */,
				847C0A941E9E280F00424777 /* NewMessageController.swift */,
			);
			name = Controller;
			sourceTree = "<group>";
		};
		9D6C831BFEF06E50BA3F79E8 /* Frameworks */ = {
			isa = PBXGroup;
			children = (
				3D5C2DFCD051E320F68344B2 /* Pods_Messenger.framework */,
			);
			name = Frameworks;
			sourceTree = "<group>";
		};
/* End PBXGroup section */

/* Begin PBXNativeTarget section */
		84EFEBCB1E9C08200022C3BB /* Messenger */ = {
			isa = PBXNativeTarget;
			buildConfigurationList = 84EFEBDE1E9C08200022C3BB /* Build configuration list for PBXNativeTarget "Messenger" */;
			buildPhases = (
				D1EC22AA19C47A5F96B90CA5 /* [CP] Check Pods Manifest.lock */,
				84EFEBC81E9C08200022C3BB /* Sources */,
				84EFEBC91E9C08200022C3BB /* Frameworks */,
				84EFEBCA1E9C08200022C3BB /* Resources */,
				830B4B1A2B32EC0E76422307 /* [CP] Embed Pods Frameworks */,
				A13C52FBAF14106422B1032F /* [CP] Copy Pods Resources */,
			);
			buildRules = (
			);
			dependencies = (
			);
			name = Messenger;
			productName = Messenger;
			productReference = 84EFEBCC1E9C08200022C3BB /* Messenger.app */;
			productType = "com.apple.product-type.application";
		};
/* End PBXNativeTarget section */

/* Begin PBXProject section */
		84EFEBC41E9C08200022C3BB /* Project object */ = {
			isa = PBXProject;
			attributes = {
				LastSwiftUpdateCheck = 0830;
				LastUpgradeCheck = 0830;
				ORGANIZATIONNAME = "Adam Bezák";
				TargetAttributes = {
					84EFEBCB1E9C08200022C3BB = {
						CreatedOnToolsVersion = 8.3.1;
						DevelopmentTeam = GKE89JZK98;
						ProvisioningStyle = Automatic;
					};
				};
			};
			buildConfigurationList = 84EFEBC71E9C08200022C3BB /* Build configuration list for PBXProject "Messenger" */;
			compatibilityVersion = "Xcode 3.2";
			developmentRegion = English;
			hasScannedForEncodings = 0;
			knownRegions = (
				en,
				Base,
			);
			mainGroup = 84EFEBC31E9C08200022C3BB;
			productRefGroup = 84EFEBCD1E9C08200022C3BB /* Products */;
			projectDirPath = "";
			projectRoot = "";
			targets = (
				84EFEBCB1E9C08200022C3BB /* Messenger */,
			);
		};
/* End PBXProject section */

/* Begin PBXResourcesBuildPhase section */
		84EFEBCA1E9C08200022C3BB /* Resources */ = {
			isa = PBXResourcesBuildPhase;
			buildActionMask = 2147483647;
			files = (
				84EFEBDA1E9C08200022C3BB /* LaunchScreen.storyboard in Resources */,
				84EFEBE71E9C2CE40022C3BB /* GoogleService-Info.plist in Resources */,
				84EFEBD71E9C08200022C3BB /* Assets.xcassets in Resources */,
				84EFEBD51E9C08200022C3BB /* Main.storyboard in Resources */,
			);
			runOnlyForDeploymentPostprocessing = 0;
		};
/* End PBXResourcesBuildPhase section */

/* Begin PBXShellScriptBuildPhase section */
		830B4B1A2B32EC0E76422307 /* [CP] Embed Pods Frameworks */ = {
			isa = PBXShellScriptBuildPhase;
			buildActionMask = 2147483647;
			files = (
			);
			inputPaths = (
			);
			name = "[CP] Embed Pods Frameworks";
			outputPaths = (
			);
			runOnlyForDeploymentPostprocessing = 0;
			shellPath = /bin/sh;
			shellScript = "\"${SRCROOT}/Pods/Target Support Files/Pods-Messenger/Pods-Messenger-frameworks.sh\"\n";
			showEnvVarsInLog = 0;
		};
		A13C52FBAF14106422B1032F /* [CP] Copy Pods Resources */ = {
			isa = PBXShellScriptBuildPhase;
			buildActionMask = 2147483647;
			files = (
			);
			inputPaths = (
			);
			name = "[CP] Copy Pods Resources";
			outputPaths = (
			);
			runOnlyForDeploymentPostprocessing = 0;
			shellPath = /bin/sh;
			shellScript = "\"${SRCROOT}/Pods/Target Support Files/Pods-Messenger/Pods-Messenger-resources.sh\"\n";
			showEnvVarsInLog = 0;
		};
		D1EC22AA19C47A5F96B90CA5 /* [CP] Check Pods Manifest.lock */ = {
			isa = PBXShellScriptBuildPhase;
			buildActionMask = 2147483647;
			files = (
			);
			inputPaths = (
			);
			name = "[CP] Check Pods Manifest.lock";
			outputPaths = (
			);
			runOnlyForDeploymentPostprocessing = 0;
			shellPath = /bin/sh;
			shellScript = "diff \"${PODS_ROOT}/../Podfile.lock\" \"${PODS_ROOT}/Manifest.lock\" > /dev/null\nif [ $? != 0 ] ; then\n    # print error to STDERR\n    echo \"error: The sandbox is not in sync with the Podfile.lock. Run 'pod install' or update your CocoaPods installation.\" >&2\n    exit 1\nfi\n";
			showEnvVarsInLog = 0;
		};
/* End PBXShellScriptBuildPhase section */

/* Begin PBXSourcesBuildPhase section */
		84EFEBC81E9C08200022C3BB /* Sources */ = {
			isa = PBXSourcesBuildPhase;
			buildActionMask = 2147483647;
			files = (
				847C0A951E9E280F00424777 /* NewMessageController.swift in Sources */,
				84EFEBD21E9C08200022C3BB /* MessagesController.swift in Sources */,
				847C0A9A1E9E357100424777 /* LoginController+handlers.swift in Sources */,
				84EFEBE51E9C0B5B0022C3BB /* LoginController.swift in Sources */,
				847C0A981E9E2B8D00424777 /* User.swift in Sources */,
				84EFEBD01E9C08200022C3BB /* AppDelegate.swift in Sources */,
				847C0A9D1E9FA53100424777 /* Extensions.swift in Sources */,
			);
			runOnlyForDeploymentPostprocessing = 0;
		};
/* End PBXSourcesBuildPhase section */

/* Begin PBXVariantGroup section */
		84EFEBD31E9C08200022C3BB /* Main.storyboard */ = {
			isa = PBXVariantGroup;
			children = (
				84EFEBD41E9C08200022C3BB /* Base */,
			);
			name = Main.storyboard;
			sourceTree = "<group>";
		};
		84EFEBD81E9C08200022C3BB /* LaunchScreen.storyboard */ = {
			isa = PBXVariantGroup;
			children = (
				84EFEBD91E9C08200022C3BB /* Base */,
			);
			name = LaunchScreen.storyboard;
			sourceTree = "<group>";
		};
/* End PBXVariantGroup section */

/* Begin XCBuildConfiguration section */
		84EFEBDC1E9C08200022C3BB /* Debug */ = {
			isa = XCBuildConfiguration;
			buildSettings = {
				ALWAYS_SEARCH_USER_PATHS = NO;
				CLANG_ANALYZER_NONNULL = YES;
				CLANG_ANALYZER_NUMBER_OBJECT_CONVERSION = YES_AGGRESSIVE;
				CLANG_CXX_LANGUAGE_STANDARD = "gnu++0x";
				CLANG_CXX_LIBRARY = "libc++";
				CLANG_ENABLE_MODULES = YES;
				CLANG_ENABLE_OBJC_ARC = YES;
				CLANG_WARN_BOOL_CONVERSION = YES;
				CLANG_WARN_CONSTANT_CONVERSION = YES;
				CLANG_WARN_DIRECT_OBJC_ISA_USAGE = YES_ERROR;
				CLANG_WARN_DOCUMENTATION_COMMENTS = YES;
				CLANG_WARN_EMPTY_BODY = YES;
				CLANG_WARN_ENUM_CONVERSION = YES;
				CLANG_WARN_INFINITE_RECURSION = YES;
				CLANG_WARN_INT_CONVERSION = YES;
				CLANG_WARN_OBJC_ROOT_CLASS = YES_ERROR;
				CLANG_WARN_SUSPICIOUS_MOVE = YES;
				CLANG_WARN_UNREACHABLE_CODE = YES;
				CLANG_WARN__DUPLICATE_METHOD_MATCH = YES;
				"CODE_SIGN_IDENTITY[sdk=iphoneos*]" = "iPhone Developer";
				COPY_PHASE_STRIP = NO;
				DEBUG_INFORMATION_FORMAT = dwarf;
				ENABLE_STRICT_OBJC_MSGSEND = YES;
				ENABLE_TESTABILITY = YES;
				GCC_C_LANGUAGE_STANDARD = gnu99;
				GCC_DYNAMIC_NO_PIC = NO;
				GCC_NO_COMMON_BLOCKS = YES;
				GCC_OPTIMIZATION_LEVEL = 0;
				GCC_PREPROCESSOR_DEFINITIONS = (
					"DEBUG=1",
					"$(inherited)",
				);
				GCC_WARN_64_TO_32_BIT_CONVERSION = YES;
				GCC_WARN_ABOUT_RETURN_TYPE = YES_ERROR;
				GCC_WARN_UNDECLARED_SELECTOR = YES;
				GCC_WARN_UNINITIALIZED_AUTOS = YES_AGGRESSIVE;
				GCC_WARN_UNUSED_FUNCTION = YES;
				GCC_WARN_UNUSED_VARIABLE = YES;
				IPHONEOS_DEPLOYMENT_TARGET = 10.3;
				MTL_ENABLE_DEBUG_INFO = YES;
				ONLY_ACTIVE_ARCH = YES;
				SDKROOT = iphoneos;
				SWIFT_ACTIVE_COMPILATION_CONDITIONS = DEBUG;
				SWIFT_OPTIMIZATION_LEVEL = "-Onone";
			};
			name = Debug;
		};
		84EFEBDD1E9C08200022C3BB /* Release */ = {
			isa = XCBuildConfiguration;
			buildSettings = {
				ALWAYS_SEARCH_USER_PATHS = NO;
				CLANG_ANALYZER_NONNULL = YES;
				CLANG_ANALYZER_NUMBER_OBJECT_CONVERSION = YES_AGGRESSIVE;
				CLANG_CXX_LANGUAGE_STANDARD = "gnu++0x";
				CLANG_CXX_LIBRARY = "libc++";
				CLANG_ENABLE_MODULES = YES;
				CLANG_ENABLE_OBJC_ARC = YES;
				CLANG_WARN_BOOL_CONVERSION = YES;
				CLANG_WARN_CONSTANT_CONVERSION = YES;
				CLANG_WARN_DIRECT_OBJC_ISA_USAGE = YES_ERROR;
				CLANG_WARN_DOCUMENTATION_COMMENTS = YES;
				CLANG_WARN_EMPTY_BODY = YES;
				CLANG_WARN_ENUM_CONVERSION = YES;
				CLANG_WARN_INFINITE_RECURSION = YES;
				CLANG_WARN_INT_CONVERSION = YES;
				CLANG_WARN_OBJC_ROOT_CLASS = YES_ERROR;
				CLANG_WARN_SUSPICIOUS_MOVE = YES;
				CLANG_WARN_UNREACHABLE_CODE = YES;
				CLANG_WARN__DUPLICATE_METHOD_MATCH = YES;
				"CODE_SIGN_IDENTITY[sdk=iphoneos*]" = "iPhone Developer";
				COPY_PHASE_STRIP = NO;
				DEBUG_INFORMATION_FORMAT = "dwarf-with-dsym";
				ENABLE_NS_ASSERTIONS = NO;
				ENABLE_STRICT_OBJC_MSGSEND = YES;
				GCC_C_LANGUAGE_STANDARD = gnu99;
				GCC_NO_COMMON_BLOCKS = YES;
				GCC_WARN_64_TO_32_BIT_CONVERSION = YES;
				GCC_WARN_ABOUT_RETURN_TYPE = YES_ERROR;
				GCC_WARN_UNDECLARED_SELECTOR = YES;
				GCC_WARN_UNINITIALIZED_AUTOS = YES_AGGRESSIVE;
				GCC_WARN_UNUSED_FUNCTION = YES;
				GCC_WARN_UNUSED_VARIABLE = YES;
				IPHONEOS_DEPLOYMENT_TARGET = 10.3;
				MTL_ENABLE_DEBUG_INFO = NO;
				SDKROOT = iphoneos;
				SWIFT_OPTIMIZATION_LEVEL = "-Owholemodule";
				VALIDATE_PRODUCT = YES;
			};
			name = Release;
		};
		84EFEBDF1E9C08200022C3BB /* Debug */ = {
			isa = XCBuildConfiguration;
			baseConfigurationReference = E939C84A3D87C91C4737EE12 /* Pods-Messenger.debug.xcconfig */;
			buildSettings = {
				ASSETCATALOG_COMPILER_APPICON_NAME = AppIcon;
				DEVELOPMENT_TEAM = GKE89JZK98;
				INFOPLIST_FILE = Messenger/Info.plist;
				LD_RUNPATH_SEARCH_PATHS = "$(inherited) @executable_path/Frameworks";
				PRODUCT_BUNDLE_IDENTIFIER = AdamBezak.Messenger;
				PRODUCT_NAME = "$(TARGET_NAME)";
				SWIFT_VERSION = 3.0;
			};
			name = Debug;
		};
		84EFEBE01E9C08200022C3BB /* Release */ = {
			isa = XCBuildConfiguration;
			baseConfigurationReference = 1F488E51A13B16DB66526368 /* Pods-Messenger.release.xcconfig */;
			buildSettings = {
				ASSETCATALOG_COMPILER_APPICON_NAME = AppIcon;
				DEVELOPMENT_TEAM = GKE89JZK98;
				INFOPLIST_FILE = Messenger/Info.plist;
				LD_RUNPATH_SEARCH_PATHS = "$(inherited) @executable_path/Frameworks";
				PRODUCT_BUNDLE_IDENTIFIER = AdamBezak.Messenger;
				PRODUCT_NAME = "$(TARGET_NAME)";
				SWIFT_VERSION = 3.0;
			};
			name = Release;
		};
/* End XCBuildConfiguration section */

/* Begin XCConfigurationList section */
		84EFEBC71E9C08200022C3BB /* Build configuration list for PBXProject "Messenger" */ = {
			isa = XCConfigurationList;
			buildConfigurations = (
				84EFEBDC1E9C08200022C3BB /* Debug */,
				84EFEBDD1E9C08200022C3BB /* Release */,
			);
			defaultConfigurationIsVisible = 0;
			defaultConfigurationName = Release;
		};
		84EFEBDE1E9C08200022C3BB /* Build configuration list for PBXNativeTarget "Messenger" */ = {
			isa = XCConfigurationList;
			buildConfigurations = (
				84EFEBDF1E9C08200022C3BB /* Debug */,
				84EFEBE01E9C08200022C3BB /* Release */,
			);
			defaultConfigurationIsVisible = 0;
			defaultConfigurationName = Release;
		};
/* End XCConfigurationList section */
	};
	rootObject = 84EFEBC41E9C08200022C3BB /* Project object */;
}
